Microsoft Visual Studio Solution File, Format Version 12.00
# Visual Studio Version 17
VisualStudioVersion = 17.5.2.0
MinimumVisualStudioVersion = 10.0.40219.1
Project("{FAE04EC0-301F-11D3-BF4B-00C04F79EFBC}") = "GeneratorSQL", "GeneratorSQL.csproj", "{1E71AB09-EDDA-77EC-E49F-1F6AC770AB72}"
EndProject
Global
	GlobalSection(SolutionConfigurationPlatforms) = preSolution
		Debug|Any CPU = Debug|Any CPU
		Release|Any CPU = Release|Any CPU
	EndGlobalSection
	GlobalSection(ProjectConfigurationPlatforms) = postSolution
		{1E71AB09-EDDA-77EC-E49F-1F6AC770AB72}.Debug|Any CPU.ActiveCfg = Debug|Any CPU
		{1E71AB09-EDDA-77EC-E49F-1F6AC770AB72}.Debug|Any CPU.Build.0 = Debug|Any CPU
		{1E71AB09-EDDA-77EC-E49F-1F6AC770AB72}.Release|Any CPU.ActiveCfg = Release|Any CPU
		{1E71AB09-EDDA-77EC-E49F-1F6AC770AB72}.Release|Any CPU.Build.0 = Release|Any CPU
	EndGlobalSection
	GlobalSection(SolutionProperties) = preSolution
		HideSolutionNode = FALSE
	EndGlobalSection
	GlobalSection(ExtensibilityGlobals) = postSolution
		SolutionGuid = {143B3FC4-B3F0-47C5-9D49-F8DA6FD1AF33}
	EndGlobalSection
EndGlobal
